
Microsoft Visual Studio Solution File, Format Version 12.00
# Visual Studio 15
VisualStudioVersion = 15.0.26730.16
MinimumVisualStudioVersion = 10.0.40219.1
Project("{FAE04EC0-301F-11D3-BF4B-00C04F79EFBC}") = "Twilio.Video.iOS", "source\Twilio.Video.iOS\Twilio.Video.iOS.csproj", "{A9879158-3156-42C7-BFBD-9B65E50A5F92}"
EndProject
Project("{FAE04EC0-301F-11D3-BF4B-00C04F79EFBC}") = "Twilio.Video.Sample.iOS", "sample\Twilio.Video.Sample.iOS\Twilio.Video.Sample.iOS.csproj", "{A54C9044-EF41-4728-AD83-5CA8D4085511}"
EndProject
Project("{FAE04EC0-301F-11D3-BF4B-00C04F79EFBC}") = "Twilio.Video.Sample.Android", "sample\Twilio.Video.Sample.Android\Twilio.Video.Sample.Android.csproj", "{68DD78ED-387E-4198-8D4C-4BE086203522}"
	ProjectSection(ProjectDependencies) = postProject
		{72204651-F86D-4E85-9EB3-92E5DB4D1C0D} = {72204651-F86D-4E85-9EB3-92E5DB4D1C0D}
	EndProjectSection
EndProject
Project("{FAE04EC0-301F-11D3-BF4B-00C04F79EFBC}") = "Twilio.Video.Android", "source\Twilio.Video.Android\v2\Twilio.Video.Android.csproj", "{72204651-F86D-4E85-9EB3-92E5DB4D1C0D}"
EndProject
Project("{FAE04EC0-301F-11D3-BF4B-00C04F79EFBC}") = "Twilio.Voice.iOS", "source\Twilio.Voice.iOS\Twilio.Voice.iOS.csproj", "{FDE9E264-0434-4E83-BE20-0C2C710F44F8}"
EndProject
Global
	GlobalSection(SolutionConfigurationPlatforms) = preSolution
		Ad-Hoc|Any CPU = Ad-Hoc|Any CPU
		Ad-Hoc|iPhone = Ad-Hoc|iPhone
		Ad-Hoc|iPhoneSimulator = Ad-Hoc|iPhoneSimulator
		AppStore|Any CPU = AppStore|Any CPU
		AppStore|iPhone = AppStore|iPhone
		AppStore|iPhoneSimulator = AppStore|iPhoneSimulator
		Debug|Any CPU = Debug|Any CPU
		Debug|iPhone = Debug|iPhone
		Debug|iPhoneSimulator = Debug|iPhoneSimulator
		Release|Any CPU = Release|Any CPU
		Release|iPhone = Release|iPhone
		Release|iPhoneSimulator = Release|iPhoneSimulator
	EndGlobalSection
	GlobalSection(ProjectConfigurationPlatforms) = postSolution
		{A9879158-3156-42C7-BFBD-9B65E50A5F92}.Ad-Hoc|Any CPU.ActiveCfg = Release|Any CPU
		{A9879158-3156-42C7-BFBD-9B65E50A5F92}.Ad-Hoc|Any CPU.Build.0 = Release|Any CPU
		{A9879158-3156-42C7-BFBD-9B65E50A5F92}.Ad-Hoc|iPhone.ActiveCfg = Release|Any CPU
		{A9879158-3156-42C7-BFBD-9B65E50A5F92}.Ad-Hoc|iPhone.Build.0 = Release|Any CPU
		{A9879158-3156-42C7-BFBD-9B65E50A5F92}.Ad-Hoc|iPhoneSimulator.ActiveCfg = Release|Any CPU
		{A9879158-3156-42C7-BFBD-9B65E50A5F92}.Ad-Hoc|iPhoneSimulator.Build.0 = Release|Any CPU
		{A9879158-3156-42C7-BFBD-9B65E50A5F92}.AppStore|Any CPU.ActiveCfg = Release|Any CPU
		{A9879158-3156-42C7-BFBD-9B65E50A5F92}.AppStore|Any CPU.Build.0 = Release|Any CPU
		{A9879158-3156-42C7-BFBD-9B65E50A5F92}.AppStore|iPhone.ActiveCfg = Release|Any CPU
		{A9879158-3156-42C7-BFBD-9B65E50A5F92}.AppStore|iPhone.Build.0 = Release|Any CPU
		{A9879158-3156-42C7-BFBD-9B65E50A5F92}.AppStore|iPhoneSimulator.ActiveCfg = Release|Any CPU
		{A9879158-3156-42C7-BFBD-9B65E50A5F92}.AppStore|iPhoneSimulator.Build.0 = Release|Any CPU
		{A9879158-3156-42C7-BFBD-9B65E50A5F92}.Debug|Any CPU.ActiveCfg = Debug|Any CPU
		{A9879158-3156-42C7-BFBD-9B65E50A5F92}.Debug|iPhone.ActiveCfg = Debug|Any CPU
		{A9879158-3156-42C7-BFBD-9B65E50A5F92}.Debug|iPhone.Build.0 = Debug|Any CPU
		{A9879158-3156-42C7-BFBD-9B65E50A5F92}.Debug|iPhoneSimulator.ActiveCfg = Debug|Any CPU
		{A9879158-3156-42C7-BFBD-9B65E50A5F92}.Debug|iPhoneSimulator.Build.0 = Debug|Any CPU
		{A9879158-3156-42C7-BFBD-9B65E50A5F92}.Release|Any CPU.ActiveCfg = Release|Any CPU
		{A9879158-3156-42C7-BFBD-9B65E50A5F92}.Release|Any CPU.Build.0 = Release|Any CPU
		{A9879158-3156-42C7-BFBD-9B65E50A5F92}.Release|iPhone.ActiveCfg = Release|Any CPU
		{A9879158-3156-42C7-BFBD-9B65E50A5F92}.Release|iPhone.Build.0 = Release|Any CPU
		{A9879158-3156-42C7-BFBD-9B65E50A5F92}.Release|iPhoneSimulator.ActiveCfg = Release|Any CPU
		{A9879158-3156-42C7-BFBD-9B65E50A5F92}.Release|iPhoneSimulator.Build.0 = Release|Any CPU
		{A54C9044-EF41-4728-AD83-5CA8D4085511}.Ad-Hoc|Any CPU.ActiveCfg = Ad-Hoc|iPhone
		{A54C9044-EF41-4728-AD83-5CA8D4085511}.Ad-Hoc|iPhone.ActiveCfg = Ad-Hoc|iPhone
		{A54C9044-EF41-4728-AD83-5CA8D4085511}.Ad-Hoc|iPhone.Build.0 = Ad-Hoc|iPhone
		{A54C9044-EF41-4728-AD83-5CA8D4085511}.Ad-Hoc|iPhoneSimulator.ActiveCfg = Ad-Hoc|iPhoneSimulator
		{A54C9044-EF41-4728-AD83-5CA8D4085511}.Ad-Hoc|iPhoneSimulator.Build.0 = Ad-Hoc|iPhoneSimulator
		{A54C9044-EF41-4728-AD83-5CA8D4085511}.AppStore|Any CPU.ActiveCfg = AppStore|iPhone
		{A54C9044-EF41-4728-AD83-5CA8D4085511}.AppStore|iPhone.ActiveCfg = AppStore|iPhone
		{A54C9044-EF41-4728-AD83-5CA8D4085511}.AppStore|iPhone.Build.0 = AppStore|iPhone
		{A54C9044-EF41-4728-AD83-5CA8D4085511}.AppStore|iPhoneSimulator.ActiveCfg = AppStore|iPhoneSimulator
		{A54C9044-EF41-4728-AD83-5CA8D4085511}.AppStore|iPhoneSimulator.Build.0 = AppStore|iPhoneSimulator
		{A54C9044-EF41-4728-AD83-5CA8D4085511}.Debug|Any CPU.ActiveCfg = Debug|iPhone
		{A54C9044-EF41-4728-AD83-5CA8D4085511}.Debug|iPhone.ActiveCfg = Debug|iPhone
		{A54C9044-EF41-4728-AD83-5CA8D4085511}.Debug|iPhone.Build.0 = Debug|iPhone
		{A54C9044-EF41-4728-AD83-5CA8D4085511}.Debug|iPhoneSimulator.ActiveCfg = Debug|iPhoneSimulator
		{A54C9044-EF41-4728-AD83-5CA8D4085511}.Debug|iPhoneSimulator.Build.0 = Debug|iPhoneSimulator
		{A54C9044-EF41-4728-AD83-5CA8D4085511}.Release|Any CPU.ActiveCfg = Release|iPhone
		{A54C9044-EF41-4728-AD83-5CA8D4085511}.Release|iPhone.ActiveCfg = Release|iPhone
		{A54C9044-EF41-4728-AD83-5CA8D4085511}.Release|iPhone.Build.0 = Release|iPhone
		{A54C9044-EF41-4728-AD83-5CA8D4085511}.Release|iPhoneSimulator.ActiveCfg = Release|iPhoneSimulator
		{A54C9044-EF41-4728-AD83-5CA8D4085511}.Release|iPhoneSimulator.Build.0 = Release|iPhoneSimulator
		{68DD78ED-387E-4198-8D4C-4BE086203522}.Ad-Hoc|Any CPU.ActiveCfg = Release|Any CPU
		{68DD78ED-387E-4198-8D4C-4BE086203522}.Ad-Hoc|Any CPU.Build.0 = Release|Any CPU
		{68DD78ED-387E-4198-8D4C-4BE086203522}.Ad-Hoc|Any CPU.Deploy.0 = Release|Any CPU
		{68DD78ED-387E-4198-8D4C-4BE086203522}.Ad-Hoc|iPhone.ActiveCfg = Release|Any CPU
		{68DD78ED-387E-4198-8D4C-4BE086203522}.Ad-Hoc|iPhone.Build.0 = Release|Any CPU
		{68DD78ED-387E-4198-8D4C-4BE086203522}.Ad-Hoc|iPhone.Deploy.0 = Release|Any CPU
		{68DD78ED-387E-4198-8D4C-4BE086203522}.Ad-Hoc|iPhoneSimulator.ActiveCfg = Release|Any CPU
		{68DD78ED-387E-4198-8D4C-4BE086203522}.Ad-Hoc|iPhoneSimulator.Build.0 = Release|Any CPU
		{68DD78ED-387E-4198-8D4C-4BE086203522}.Ad-Hoc|iPhoneSimulator.Deploy.0 = Release|Any CPU
		{68DD78ED-387E-4198-8D4C-4BE086203522}.AppStore|Any CPU.ActiveCfg = Release|Any CPU
		{68DD78ED-387E-4198-8D4C-4BE086203522}.AppStore|Any CPU.Build.0 = Release|Any CPU
		{68DD78ED-387E-4198-8D4C-4BE086203522}.AppStore|Any CPU.Deploy.0 = Release|Any CPU
		{68DD78ED-387E-4198-8D4C-4BE086203522}.AppStore|iPhone.ActiveCfg = Release|Any CPU
		{68DD78ED-387E-4198-8D4C-4BE086203522}.AppStore|iPhone.Build.0 = Release|Any CPU
		{68DD78ED-387E-4198-8D4C-4BE086203522}.AppStore|iPhone.Deploy.0 = Release|Any CPU
		{68DD78ED-387E-4198-8D4C-4BE086203522}.AppStore|iPhoneSimulator.ActiveCfg = Release|Any CPU
		{68DD78ED-387E-4198-8D4C-4BE086203522}.AppStore|iPhoneSimulator.Build.0 = Release|Any CPU
		{68DD78ED-387E-4198-8D4C-4BE086203522}.AppStore|iPhoneSimulator.Deploy.0 = Release|Any CPU
		{68DD78ED-387E-4198-8D4C-4BE086203522}.Debug|Any CPU.ActiveCfg = Debug|Any CPU
		{68DD78ED-387E-4198-8D4C-4BE086203522}.Debug|Any CPU.Build.0 = Debug|Any CPU
		{68DD78ED-387E-4198-8D4C-4BE086203522}.Debug|Any CPU.Deploy.0 = Debug|Any CPU
		{68DD78ED-387E-4198-8D4C-4BE086203522}.Debug|iPhone.ActiveCfg = Debug|Any CPU
		{68DD78ED-387E-4198-8D4C-4BE086203522}.Debug|iPhone.Build.0 = Debug|Any CPU
		{68DD78ED-387E-4198-8D4C-4BE086203522}.Debug|iPhone.Deploy.0 = Debug|Any CPU
		{68DD78ED-387E-4198-8D4C-4BE086203522}.Debug|iPhoneSimulator.ActiveCfg = Debug|Any CPU
		{68DD78ED-387E-4198-8D4C-4BE086203522}.Debug|iPhoneSimulator.Build.0 = Debug|Any CPU
		{68DD78ED-387E-4198-8D4C-4BE086203522}.Debug|iPhoneSimulator.Deploy.0 = Debug|Any CPU
		{68DD78ED-387E-4198-8D4C-4BE086203522}.Release|Any CPU.ActiveCfg = Release|Any CPU
		{68DD78ED-387E-4198-8D4C-4BE086203522}.Release|Any CPU.Build.0 = Release|Any CPU
		{68DD78ED-387E-4198-8D4C-4BE086203522}.Release|Any CPU.Deploy.0 = Release|Any CPU
		{68DD78ED-387E-4198-8D4C-4BE086203522}.Release|iPhone.ActiveCfg = Release|Any CPU
		{68DD78ED-387E-4198-8D4C-4BE086203522}.Release|iPhone.Build.0 = Release|Any CPU
		{68DD78ED-387E-4198-8D4C-4BE086203522}.Release|iPhone.Deploy.0 = Release|Any CPU
		{68DD78ED-387E-4198-8D4C-4BE086203522}.Release|iPhoneSimulator.ActiveCfg = Release|Any CPU
		{68DD78ED-387E-4198-8D4C-4BE086203522}.Release|iPhoneSimulator.Build.0 = Release|Any CPU
		{68DD78ED-387E-4198-8D4C-4BE086203522}.Release|iPhoneSimulator.Deploy.0 = Release|Any CPU
		{72204651-F86D-4E85-9EB3-92E5DB4D1C0D}.Ad-Hoc|Any CPU.ActiveCfg = Release|Any CPU
		{72204651-F86D-4E85-9EB3-92E5DB4D1C0D}.Ad-Hoc|Any CPU.Build.0 = Release|Any CPU
		{72204651-F86D-4E85-9EB3-92E5DB4D1C0D}.Ad-Hoc|iPhone.ActiveCfg = Release|Any CPU
		{72204651-F86D-4E85-9EB3-92E5DB4D1C0D}.Ad-Hoc|iPhone.Build.0 = Release|Any CPU
		{72204651-F86D-4E85-9EB3-92E5DB4D1C0D}.Ad-Hoc|iPhoneSimulator.ActiveCfg = Release|Any CPU
		{72204651-F86D-4E85-9EB3-92E5DB4D1C0D}.Ad-Hoc|iPhoneSimulator.Build.0 = Release|Any CPU
		{72204651-F86D-4E85-9EB3-92E5DB4D1C0D}.AppStore|Any CPU.ActiveCfg = Release|Any CPU
		{72204651-F86D-4E85-9EB3-92E5DB4D1C0D}.AppStore|Any CPU.Build.0 = Release|Any CPU
		{72204651-F86D-4E85-9EB3-92E5DB4D1C0D}.AppStore|iPhone.ActiveCfg = Release|Any CPU
		{72204651-F86D-4E85-9EB3-92E5DB4D1C0D}.AppStore|iPhone.Build.0 = Release|Any CPU
		{72204651-F86D-4E85-9EB3-92E5DB4D1C0D}.AppStore|iPhoneSimulator.ActiveCfg = Release|Any CPU
		{72204651-F86D-4E85-9EB3-92E5DB4D1C0D}.AppStore|iPhoneSimulator.Build.0 = Release|Any CPU
		{72204651-F86D-4E85-9EB3-92E5DB4D1C0D}.Debug|Any CPU.ActiveCfg = Debug|Any CPU
		{72204651-F86D-4E85-9EB3-92E5DB4D1C0D}.Debug|Any CPU.Build.0 = Debug|Any CPU
		{72204651-F86D-4E85-9EB3-92E5DB4D1C0D}.Debug|iPhone.ActiveCfg = Debug|Any CPU
		{72204651-F86D-4E85-9EB3-92E5DB4D1C0D}.Debug|iPhone.Build.0 = Debug|Any CPU
		{72204651-F86D-4E85-9EB3-92E5DB4D1C0D}.Debug|iPhoneSimulator.ActiveCfg = Debug|Any CPU
		{72204651-F86D-4E85-9EB3-92E5DB4D1C0D}.Debug|iPhoneSimulator.Build.0 = Debug|Any CPU
		{72204651-F86D-4E85-9EB3-92E5DB4D1C0D}.Release|Any CPU.ActiveCfg = Release|Any CPU
		{72204651-F86D-4E85-9EB3-92E5DB4D1C0D}.Release|Any CPU.Build.0 = Release|Any CPU
		{72204651-F86D-4E85-9EB3-92E5DB4D1C0D}.Release|iPhone.ActiveCfg = Release|Any CPU
		{72204651-F86D-4E85-9EB3-92E5DB4D1C0D}.Release|iPhone.Build.0 = Release|Any CPU
		{72204651-F86D-4E85-9EB3-92E5DB4D1C0D}.Release|iPhoneSimulator.ActiveCfg = Release|Any CPU
		{72204651-F86D-4E85-9EB3-92E5DB4D1C0D}.Release|iPhoneSimulator.Build.0 = Release|Any CPU
		{FDE9E264-0434-4E83-BE20-0C2C710F44F8}.Ad-Hoc|Any CPU.ActiveCfg = Release|Any CPU
		{FDE9E264-0434-4E83-BE20-0C2C710F44F8}.Ad-Hoc|Any CPU.Build.0 = Release|Any CPU
		{FDE9E264-0434-4E83-BE20-0C2C710F44F8}.Ad-Hoc|iPhone.ActiveCfg = Release|Any CPU
		{FDE9E264-0434-4E83-BE20-0C2C710F44F8}.Ad-Hoc|iPhone.Build.0 = Release|Any CPU
		{FDE9E264-0434-4E83-BE20-0C2C710F44F8}.Ad-Hoc|iPhoneSimulator.ActiveCfg = Release|Any CPU
		{FDE9E264-0434-4E83-BE20-0C2C710F44F8}.Ad-Hoc|iPhoneSimulator.Build.0 = Release|Any CPU
		{FDE9E264-0434-4E83-BE20-0C2C710F44F8}.AppStore|Any CPU.ActiveCfg = Release|Any CPU
		{FDE9E264-0434-4E83-BE20-0C2C710F44F8}.AppStore|Any CPU.Build.0 = Release|Any CPU
		{FDE9E264-0434-4E83-BE20-0C2C710F44F8}.AppStore|iPhone.ActiveCfg = Release|Any CPU
		{FDE9E264-0434-4E83-BE20-0C2C710F44F8}.AppStore|iPhone.Build.0 = Release|Any CPU
		{FDE9E264-0434-4E83-BE20-0C2C710F44F8}.AppStore|iPhoneSimulator.ActiveCfg = Release|Any CPU
		{FDE9E264-0434-4E83-BE20-0C2C710F44F8}.AppStore|iPhoneSimulator.Build.0 = Release|Any CPU
		{FDE9E264-0434-4E83-BE20-0C2C710F44F8}.Debug|Any CPU.ActiveCfg = Debug|Any CPU
		{FDE9E264-0434-4E83-BE20-0C2C710F44F8}.Debug|Any CPU.Build.0 = Debug|Any CPU
		{FDE9E264-0434-4E83-BE20-0C2C710F44F8}.Debug|iPhone.ActiveCfg = Debug|Any CPU
		{FDE9E264-0434-4E83-BE20-0C2C710F44F8}.Debug|iPhone.Build.0 = Debug|Any CPU
		{FDE9E264-0434-4E83-BE20-0C2C710F44F8}.Debug|iPhoneSimulator.ActiveCfg = Debug|Any CPU
		{FDE9E264-0434-4E83-BE20-0C2C710F44F8}.Debug|iPhoneSimulator.Build.0 = Debug|Any CPU
		{FDE9E264-0434-4E83-BE20-0C2C710F44F8}.Release|Any CPU.ActiveCfg = Release|Any CPU
		{FDE9E264-0434-4E83-BE20-0C2C710F44F8}.Release|Any CPU.Build.0 = Release|Any CPU
		{FDE9E264-0434-4E83-BE20-0C2C710F44F8}.Release|iPhone.ActiveCfg = Release|Any CPU
		{FDE9E264-0434-4E83-BE20-0C2C710F44F8}.Release|iPhone.Build.0 = Release|Any CPU
		{FDE9E264-0434-4E83-BE20-0C2C710F44F8}.Release|iPhoneSimulator.ActiveCfg = Release|Any CPU
		{FDE9E264-0434-4E83-BE20-0C2C710F44F8}.Release|iPhoneSimulator.Build.0 = Release|Any CPU
	EndGlobalSection
	GlobalSection(SolutionProperties) = preSolution
		HideSolutionNode = FALSE
	EndGlobalSection
	GlobalSection(ExtensibilityGlobals) = postSolution
		SolutionGuid = {1096BFD3-224A-49FD-9337-3BD51C39E9A9}
	EndGlobalSection
EndGlobal
